
Microsoft Visual Studio Solution File, Format Version 12.00
# Visual Studio Version 17
VisualStudioVersion = 17.7.34202.233
MinimumVisualStudioVersion = 10.0.40219.1
Project("{FAE04EC0-301F-11D3-BF4B-00C04F79EFBC}") = "MatchPointMasters", "MatchPointMasters\MatchPointMasters.csproj", "{8E0EE65C-B90E-438F-867C-61C97011F9DA}"
EndProject
Global
	GlobalSection(SolutionConfigurationPlatforms) = preSolution
		Debug|Any CPU = Debug|Any CPU
		Release|Any CPU = Release|Any CPU
	EndGlobalSection
	GlobalSection(ProjectConfigurationPlatforms) = postSolution
		{8E0EE65C-B90E-438F-867C-61C97011F9DA}.Debug|Any CPU.ActiveCfg = Debug|Any CPU
		{8E0EE65C-B90E-438F-867C-61C97011F9DA}.Debug|Any CPU.Build.0 = Debug|Any CPU
		{8E0EE65C-B90E-438F-867C-61C97011F9DA}.Release|Any CPU.ActiveCfg = Release|Any CPU
		{8E0EE65C-B90E-438F-867C-61C97011F9DA}.Release|Any CPU.Build.0 = Release|Any CPU
	EndGlobalSection
	GlobalSection(SolutionProperties) = preSolution
		HideSolutionNode = FALSE
	EndGlobalSection
	GlobalSection(ExtensibilityGlobals) = postSolution
		SolutionGuid = {8CF0EDF5-6225-4176-9369-A87F1E599E85}
	EndGlobalSection
EndGlobal
