
Microsoft Visual Studio Solution File, Format Version 12.00
# Visual Studio Version 17
VisualStudioVersion = 17.7.34202.233
MinimumVisualStudioVersion = 10.0.40219.1
Project("{9A19103F-16F7-4668-BE54-9A1E7A4F7556}") = "MatchPointMasters", "MatchPointMasters\MatchPointMasters.csproj", "{8E0EE65C-B90E-438F-867C-61C97011F9DA}"
EndProject
Project("{9A19103F-16F7-4668-BE54-9A1E7A4F7556}") = "MatchPointMasters.Core", "MatchPointMasters.Core\MatchPointMasters.Core.csproj", "{62541244-7194-4457-B302-78BBF8EE3FD9}"
EndProject
Project("{9A19103F-16F7-4668-BE54-9A1E7A4F7556}") = "MatchPointMasters.Infrastructure", "MatchPointMasters.Infrastructure\MatchPointMasters.Infrastructure.csproj", "{75C11BC1-F314-4A49-8C42-55983B390D80}"
EndProject
Project("{FAE04EC0-301F-11D3-BF4B-00C04F79EFBC}") = "MatchPointMasters.UnitTests", "MatchPointMasters.UnitTests\MatchPointMasters.UnitTests.csproj", "{4CBF7C1B-10FC-4D0F-85B3-3FEACD854F3E}"
EndProject
Global
	GlobalSection(SolutionConfigurationPlatforms) = preSolution
		Debug|Any CPU = Debug|Any CPU
		Release|Any CPU = Release|Any CPU
	EndGlobalSection
	GlobalSection(ProjectConfigurationPlatforms) = postSolution
		{8E0EE65C-B90E-438F-867C-61C97011F9DA}.Debug|Any CPU.ActiveCfg = Debug|Any CPU
		{8E0EE65C-B90E-438F-867C-61C97011F9DA}.Debug|Any CPU.Build.0 = Debug|Any CPU
		{8E0EE65C-B90E-438F-867C-61C97011F9DA}.Release|Any CPU.ActiveCfg = Release|Any CPU
		{8E0EE65C-B90E-438F-867C-61C97011F9DA}.Release|Any CPU.Build.0 = Release|Any CPU
		{62541244-7194-4457-B302-78BBF8EE3FD9}.Debug|Any CPU.ActiveCfg = Debug|Any CPU
		{62541244-7194-4457-B302-78BBF8EE3FD9}.Debug|Any CPU.Build.0 = Debug|Any CPU
		{62541244-7194-4457-B302-78BBF8EE3FD9}.Release|Any CPU.ActiveCfg = Release|Any CPU
		{62541244-7194-4457-B302-78BBF8EE3FD9}.Release|Any CPU.Build.0 = Release|Any CPU
		{75C11BC1-F314-4A49-8C42-55983B390D80}.Debug|Any CPU.ActiveCfg = Debug|Any CPU
		{75C11BC1-F314-4A49-8C42-55983B390D80}.Debug|Any CPU.Build.0 = Debug|Any CPU
		{75C11BC1-F314-4A49-8C42-55983B390D80}.Release|Any CPU.ActiveCfg = Release|Any CPU
		{75C11BC1-F314-4A49-8C42-55983B390D80}.Release|Any CPU.Build.0 = Release|Any CPU
		{4CBF7C1B-10FC-4D0F-85B3-3FEACD854F3E}.Debug|Any CPU.ActiveCfg = Debug|Any CPU
		{4CBF7C1B-10FC-4D0F-85B3-3FEACD854F3E}.Debug|Any CPU.Build.0 = Debug|Any CPU
		{4CBF7C1B-10FC-4D0F-85B3-3FEACD854F3E}.Release|Any CPU.ActiveCfg = Release|Any CPU
		{4CBF7C1B-10FC-4D0F-85B3-3FEACD854F3E}.Release|Any CPU.Build.0 = Release|Any CPU
	EndGlobalSection
	GlobalSection(SolutionProperties) = preSolution
		HideSolutionNode = FALSE
	EndGlobalSection
	GlobalSection(ExtensibilityGlobals) = postSolution
		SolutionGuid = {8CF0EDF5-6225-4176-9369-A87F1E599E85}
	EndGlobalSection
EndGlobal
